schema: '2.0'
stages:
  load_data:
    cmd: python src/load_data.py --config=params.yaml
    deps:
    - path: data_given/winequality.csv
      md5: ccc8d3507eb151f53f760d36abdef888
      size: 91998
    - path: src/get_data.py
      md5: 5250517d711f452597f43cdee82caa9e
      size: 645
    - path: src/load_data.py
      md5: d0320b97d7221f72974ab5d7bb485671
      size: 579
    outs:
    - path: data/raw/winequality.csv
      md5: ccc8d3507eb151f53f760d36abdef888
      size: 93598
